# THIS IS AN AUTOGENERATED FILE. DO NOT EDIT THIS FILE DIRECTLY.
# yarn lockfile v1


light-toast@^0.2.3:
  version "0.2.3"
  resolved "https://registry.yarnpkg.com/light-toast/-/light-toast-0.2.3.tgz#32ebcb106e77f6378ba2c2ccdbd02b07e6da6196"
  integrity sha512-0ee3tYgMp7CNjSrMqECl/gkOr7drFUAIvdYufR7RjFfPVBkzf1Yeih2pWxp76xj1CD+PMWYnAMrG7ZypN5MnTA==
